
Microsoft Visual Studio Solution File, Format Version 12.00
# Visual Studio 15
VisualStudioVersion = 15.0.27130.2026
MinimumVisualStudioVersion = 10.0.40219.1
Project("{FAE04EC0-301F-11D3-BF4B-00C04F79EFBC}") = "MathCalculator", "MathCalculator\MathCalculator.csproj", "{DF06D37C-F3C8-4F69-8E58-8A7CC715ABD3}"
EndProject
Project("{2150E333-8FDC-42A3-9474-1A3956D46DE8}") = "Solution Items", "Solution Items", "{C84C1669-57AE-4010-B349-A769AB457653}"
EndProject
Global
	GlobalSection(SolutionConfigurationPlatforms) = preSolution
		Debug|Any CPU = Debug|Any CPU
		Release|Any CPU = Release|Any CPU
	EndGlobalSection
	GlobalSection(ProjectConfigurationPlatforms) = postSolution
		{DF06D37C-F3C8-4F69-8E58-8A7CC715ABD3}.Debug|Any CPU.ActiveCfg = Debug|Any CPU
		{DF06D37C-F3C8-4F69-8E58-8A7CC715ABD3}.Debug|Any CPU.Build.0 = Debug|Any CPU
		{DF06D37C-F3C8-4F69-8E58-8A7CC715ABD3}.Release|Any CPU.ActiveCfg = Release|Any CPU
		{DF06D37C-F3C8-4F69-8E58-8A7CC715ABD3}.Release|Any CPU.Build.0 = Release|Any CPU
	EndGlobalSection
	GlobalSection(SolutionProperties) = preSolution
		HideSolutionNode = FALSE
	EndGlobalSection
	GlobalSection(ExtensibilityGlobals) = postSolution
		SolutionGuid = {ECB78360-89E4-4363-AAFA-7FA839F99C54}
	EndGlobalSection
EndGlobal
